{
  "nodes": {
    "agenix": {
      "inputs": {
        "darwin": "darwin",
        "home-manager": "home-manager",
        "nixpkgs": [
          "infra-library",
          "nixpkgs"
        ],
        "systems": "systems"
      },
      "locked": {
        "lastModified": 1762618334,
        "narHash": "sha256-wyT7Pl6tMFbFrs8Lk/TlEs81N6L+VSybPfiIgzU8lbQ=",
        "owner": "ryantm",
        "repo": "agenix",
        "rev": "fcdea223397448d35d9b31f798479227e80183f6",
        "type": "github"
      },
      "original": {
        "owner": "ryantm",
        "repo": "agenix",
        "type": "github"
      }
    },
    "b10c-nix": {
      "inputs": {
        "nixpkgs": [
          "infra-library",
          "nixpkgs"
        ]
      },
      "locked": {
        "lastModified": 1779994457,
        "narHash": "sha256-PuvtW3iYuYc5ig3shKaAwalzQgFOILvlTcoZzWLq42M=",
        "owner": "0xb10c",
        "repo": "nix",
        "rev": "180bcaf4d65fd1aa8a368077d702d37f44bb16fa",
        "type": "github"
      },
      "original": {
        "owner": "0xb10c",
        "ref": "2026-04-peer-observer-pr400-prometheus-anomalydetection",
        "repo": "nix",
        "type": "github"
      }
    },
    "darwin": {
      "inputs": {
        "nixpkgs": [
          "infra-library",
          "agenix",
          "nixpkgs"
        ]
      },
      "locked": {
        "lastModified": 1744478979,
        "narHash": "sha256-dyN+teG9G82G+m+PX/aSAagkC+vUv0SgUw3XkPhQodQ=",
        "owner": "lnl7",
        "repo": "nix-darwin",
        "rev": "43975d782b418ebf4969e9ccba82466728c2851b",
        "type": "github"
      },
      "original": {
        "owner": "lnl7",
        "ref": "master",
        "repo": "nix-darwin",
        "type": "github"
      }
    },
    "disko": {
      "inputs": {
        "nixpkgs": [
          "nixpkgs"
        ]
      },
      "locked": {
        "lastModified": 1779699611,
        "narHash": "sha256-EcCaSTKnmg2o4wLKaN1aqQFomwyhO7ik0bX9COdyCas=",
        "owner": "nix-community",
        "repo": "disko",
        "rev": "5ba0c9555c28685e57fa54c7a25e42c7efdbfc8d",
        "type": "github"
      },
      "original": {
        "owner": "nix-community",
        "repo": "disko",
        "type": "github"
      }
    },
    "home-manager": {
      "inputs": {
        "nixpkgs": [
          "infra-library",
          "agenix",
          "nixpkgs"
        ]
      },
      "locked": {
        "lastModified": 1745494811,
        "narHash": "sha256-YZCh2o9Ua1n9uCvrvi5pRxtuVNml8X2a03qIFfRKpFs=",
        "owner": "nix-community",
        "repo": "home-manager",
        "rev": "abfad3d2958c9e6300a883bd443512c55dfeb1be",
        "type": "github"
      },
      "original": {
        "owner": "nix-community",
        "repo": "home-manager",
        "type": "github"
      }
    },
    "infra-library": {
      "inputs": {
        "agenix": "agenix",
        "b10c-nix": "b10c-nix",
        "nixpkgs": [
          "nixpkgs"
        ]
      },
      "locked": {
        "lastModified": 1780472995,
        "narHash": "sha256-hMxjRoTTEV/q5oF5a3e+UKKx3+TcFiLgiHTMxwU9jQo=",
        "owner": "peer-observer",
        "repo": "infra-library",
        "rev": "b65487a8d5f868e6cf54f395107154026e274733",
        "type": "github"
      },
      "original": {
        "owner": "peer-observer",
        "ref": "2026-05-pr400",
        "repo": "infra-library",
        "type": "github"
      }
    },
    "nixpkgs": {
      "locked": {
        "lastModified": 1779467186,
        "narHash": "sha256-nOesoDCiXcUftqbRBMz9tt4blI5PvljMWbm3kuCA+0s=",
        "owner": "nixos",
        "repo": "nixpkgs",
        "rev": "b77b3de8775677f84492abe84635f87b0e153f0f",
        "type": "github"
      },
      "original": {
        "owner": "nixos",
        "ref": "nixos-25.11",
        "repo": "nixpkgs",
        "type": "github"
      }
    },
    "root": {
      "inputs": {
        "disko": "disko",
        "infra-library": "infra-library",
        "nixpkgs": "nixpkgs"
      }
    },
    "systems": {
      "locked": {
        "lastModified": 1681028828,
        "narHash": "sha256-Vy1rq5AaRuLzOxct8nz4T6wlgyUR7zLU309k9mBC768=",
        "owner": "nix-systems",
        "repo": "default",
        "rev": "da67096a3b9bf56a91d16901293e51ba5b49a27e",
        "type": "github"
      },
      "original": {
        "owner": "nix-systems",
        "repo": "default",
        "type": "github"
      }
    }
  },
  "root": "root",
  "version": 7
}
